{
  "name": "@famalabs/nestx-auth",
  "version": "0.0.1",
  "lockfileVersion": 1,
  "requires": true,
  "dependencies": {
    "@nestjs/jwt": {
      "version": "7.1.0",
      "resolved": "https://registry.npmjs.org/@nestjs/jwt/-/jwt-7.1.0.tgz",
      "integrity": "sha512-zx317Te9cTx6RjSBcOkIWeu7oHSZAVGGwyyKzIYQ6JUjG2Q+RaUGZJRn5wNkONg3K2MH4iutvDCBLBDfdaxrJw==",
      "requires": {
        "@types/jsonwebtoken": "8.5.0",
        "jsonwebtoken": "8.5.1"
      }
    },
    "@nestjs/passport": {
      "version": "7.1.0",
      "resolved": "https://registry.npmjs.org/@nestjs/passport/-/passport-7.1.0.tgz",
      "integrity": "sha512-TdXqEwQ9PWWdpZsWp6jnora+zN+jg7h9Om9CAxXDMCqnmB+IJknkY0OyyplxbMjRyep1zvsc3IptuPHIXb27tA=="
    },
    "@types/jsonwebtoken": {
      "version": "8.5.0",
      "resolved": "https://registry.npmjs.org/@types/jsonwebtoken/-/jsonwebtoken-8.5.0.tgz",
      "integrity": "sha512-9bVao7LvyorRGZCw0VmH/dr7Og+NdjYSsKAxB43OQoComFbBgsEpoR9JW6+qSq/ogwVBg8GI2MfAlk4SYI4OLg==",
      "requires": {
        "@types/node": "*"
      }
    },
    "@types/node": {
      "version": "14.14.3",
      "resolved": "https://registry.npmjs.org/@types/node/-/node-14.14.3.tgz",
      "integrity": "sha512-33/L34xS7HVUx23e0wOT2V1qPF1IrHgQccdJVm9uXGTB9vFBrrzBtkQymT8VskeKOxjz55MSqMv0xuLq+u98WQ=="
    },
    "@types/validator": {
      "version": "13.0.0",
      "resolved": "https://registry.npmjs.org/@types/validator/-/validator-13.0.0.tgz",
      "integrity": "sha512-WAy5txG7aFX8Vw3sloEKp5p/t/Xt8jD3GRD9DacnFv6Vo8ubudAsRTXgxpQwU0mpzY/H8U4db3roDuCMjShBmw=="
    },
    "base64url": {
      "version": "3.0.1",
      "resolved": "https://registry.npmjs.org/base64url/-/base64url-3.0.1.tgz",
      "integrity": "sha512-ir1UPr3dkwexU7FdV8qBBbNDRUhMmIekYMFZfi+C/sLNnRESKPl23nB9b2pltqfOQNnGzsDdId90AEtG5tCx4A=="
    },
    "buffer-equal-constant-time": {
      "version": "1.0.1",
      "resolved": "https://registry.npmjs.org/buffer-equal-constant-time/-/buffer-equal-constant-time-1.0.1.tgz",
      "integrity": "sha1-+OcRMvf/5uAaXJaXpMbz5I1cyBk="
    },
    "class-transformer": {
      "version": "0.3.1",
      "resolved": "https://registry.npmjs.org/class-transformer/-/class-transformer-0.3.1.tgz",
      "integrity": "sha512-cKFwohpJbuMovS8xVLmn8N2AUbAuc8pVo4zEfsUVo8qgECOogns1WVk/FkOZoxhOPTyTYFckuoH+13FO+MQ8GA=="
    },
    "class-validator": {
      "version": "0.12.2",
      "resolved": "https://registry.npmjs.org/class-validator/-/class-validator-0.12.2.tgz",
      "integrity": "sha512-TDzPzp8BmpsbPhQpccB3jMUE/3pK0TyqamrK0kcx+ZeFytMA+O6q87JZZGObHHnoo9GM8vl/JppIyKWeEA/EVw==",
      "requires": {
        "@types/validator": "13.0.0",
        "google-libphonenumber": "^3.2.8",
        "tslib": ">=1.9.0",
        "validator": "13.0.0"
      }
    },
    "ecdsa-sig-formatter": {
      "version": "1.0.11",
      "resolved": "https://registry.npmjs.org/ecdsa-sig-formatter/-/ecdsa-sig-formatter-1.0.11.tgz",
      "integrity": "sha512-nagl3RYrbNv6kQkeJIpt6NJZy8twLB/2vtz6yN9Z4vRKHN4/QZJIEbqohALSgwKdnksuY3k5Addp5lg8sVoVcQ==",
      "requires": {
        "safe-buffer": "^5.0.1"
      }
    },
    "google-libphonenumber": {
      "version": "3.2.14",
      "resolved": "https://registry.npmjs.org/google-libphonenumber/-/google-libphonenumber-3.2.14.tgz",
      "integrity": "sha512-4r7mQRbk7EUYV1gyfP1SInYuQsjuDtRXCGLSotxeYDJaj/aF1xFO5PV/GSQeIxXWhIw050DujROICvWpZ1XYRw=="
    },
    "jsonwebtoken": {
      "version": "8.5.1",
      "resolved": "https://registry.npmjs.org/jsonwebtoken/-/jsonwebtoken-8.5.1.tgz",
      "integrity": "sha512-XjwVfRS6jTMsqYs0EsuJ4LGxXV14zQybNd4L2r0UvbVnSF9Af8x7p5MzbJ90Ioz/9TI41/hTCvznF/loiSzn8w==",
      "requires": {
        "jws": "^3.2.2",
        "lodash.includes": "^4.3.0",
        "lodash.isboolean": "^3.0.3",
        "lodash.isinteger": "^4.0.4",
        "lodash.isnumber": "^3.0.3",
        "lodash.isplainobject": "^4.0.6",
        "lodash.isstring": "^4.0.1",
        "lodash.once": "^4.0.0",
        "ms": "^2.1.1",
        "semver": "^5.6.0"
      }
    },
    "jwa": {
      "version": "1.4.1",
      "resolved": "https://registry.npmjs.org/jwa/-/jwa-1.4.1.tgz",
      "integrity": "sha512-qiLX/xhEEFKUAJ6FiBMbes3w9ATzyk5W7Hvzpa/SLYdxNtng+gcurvrI7TbACjIXlsJyr05/S1oUhZrc63evQA==",
      "requires": {
        "buffer-equal-constant-time": "1.0.1",
        "ecdsa-sig-formatter": "1.0.11",
        "safe-buffer": "^5.0.1"
      }
    },
    "jws": {
      "version": "3.2.2",
      "resolved": "https://registry.npmjs.org/jws/-/jws-3.2.2.tgz",
      "integrity": "sha512-YHlZCB6lMTllWDtSPHz/ZXTsi8S00usEV6v1tjq8tOUZzw7DpSDWVXjXDre6ed1w/pd495ODpHZYSdkRTsa0HA==",
      "requires": {
        "jwa": "^1.4.1",
        "safe-buffer": "^5.0.1"
      }
    },
    "lodash.includes": {
      "version": "4.3.0",
      "resolved": "https://registry.npmjs.org/lodash.includes/-/lodash.includes-4.3.0.tgz",
      "integrity": "sha1-YLuYqHy5I8aMoeUTJUgzFISfVT8="
    },
    "lodash.isboolean": {
      "version": "3.0.3",
      "resolved": "https://registry.npmjs.org/lodash.isboolean/-/lodash.isboolean-3.0.3.tgz",
      "integrity": "sha1-bC4XHbKiV82WgC/UOwGyDV9YcPY="
    },
    "lodash.isinteger": {
      "version": "4.0.4",
      "resolved": "https://registry.npmjs.org/lodash.isinteger/-/lodash.isinteger-4.0.4.tgz",
      "integrity": "sha1-YZwK89A/iwTDH1iChAt3sRzWg0M="
    },
    "lodash.isnumber": {
      "version": "3.0.3",
      "resolved": "https://registry.npmjs.org/lodash.isnumber/-/lodash.isnumber-3.0.3.tgz",
      "integrity": "sha1-POdoEMWSjQM1IwGsKHMX8RwLH/w="
    },
    "lodash.isplainobject": {
      "version": "4.0.6",
      "resolved": "https://registry.npmjs.org/lodash.isplainobject/-/lodash.isplainobject-4.0.6.tgz",
      "integrity": "sha1-fFJqUtibRcRcxpC4gWO+BJf1UMs="
    },
    "lodash.isstring": {
      "version": "4.0.1",
      "resolved": "https://registry.npmjs.org/lodash.isstring/-/lodash.isstring-4.0.1.tgz",
      "integrity": "sha1-1SfftUVuynzJu5XV2ur4i6VKVFE="
    },
    "lodash.once": {
      "version": "4.1.1",
      "resolved": "https://registry.npmjs.org/lodash.once/-/lodash.once-4.1.1.tgz",
      "integrity": "sha1-DdOXEhPHxW34gJd9UEyI+0cal6w="
    },
    "ms": {
      "version": "2.1.2",
      "resolved": "https://registry.npmjs.org/ms/-/ms-2.1.2.tgz",
      "integrity": "sha512-sGkPx+VjMtmA6MX27oA4FBFELFCZZ4S4XqeGOXCv68tT+jb3vk/RyaKWP0PTKyWtmLSM0b+adUTEvbs1PEaH2w=="
    },
    "nodemailer": {
      "version": "6.4.14",
      "resolved": "https://registry.npmjs.org/nodemailer/-/nodemailer-6.4.14.tgz",
      "integrity": "sha512-0AQHOOT+nRAOK6QnksNaK7+5vjviVvEBzmZytKU7XSA+Vze2NLykTx/05ti1uJgXFTWrMq08u3j3x4r4OE6PAA=="
    },
    "oauth": {
      "version": "0.9.15",
      "resolved": "https://registry.npmjs.org/oauth/-/oauth-0.9.15.tgz",
      "integrity": "sha1-vR/vr2hslrdUda7VGWQS/2DPucE="
    },
    "passport": {
      "version": "0.4.1",
      "resolved": "https://registry.npmjs.org/passport/-/passport-0.4.1.tgz",
      "integrity": "sha512-IxXgZZs8d7uFSt3eqNjM9NQ3g3uQCW5avD8mRNoXV99Yig50vjuaez6dQK2qC0kVWPRTujxY0dWgGfT09adjYg==",
      "requires": {
        "passport-strategy": "1.x.x",
        "pause": "0.0.1"
      }
    },
    "passport-facebook": {
      "version": "3.0.0",
      "resolved": "https://registry.npmjs.org/passport-facebook/-/passport-facebook-3.0.0.tgz",
      "integrity": "sha512-K/qNzuFsFISYAyC1Nma4qgY/12V3RSLFdFVsPKXiKZt434wOvthFW1p7zKa1iQihQMRhaWorVE1o3Vi1o+ZgeQ==",
      "requires": {
        "passport-oauth2": "1.x.x"
      }
    },
    "passport-google-oauth20": {
      "version": "2.0.0",
      "resolved": "https://registry.npmjs.org/passport-google-oauth20/-/passport-google-oauth20-2.0.0.tgz",
      "integrity": "sha512-KSk6IJ15RoxuGq7D1UKK/8qKhNfzbLeLrG3gkLZ7p4A6DBCcv7xpyQwuXtWdpyR0+E0mwkpjY1VfPOhxQrKzdQ==",
      "requires": {
        "passport-oauth2": "1.x.x"
      }
    },
    "passport-jwt": {
      "version": "4.0.0",
      "resolved": "https://registry.npmjs.org/passport-jwt/-/passport-jwt-4.0.0.tgz",
      "integrity": "sha512-BwC0n2GP/1hMVjR4QpnvqA61TxenUMlmfNjYNgK0ZAs0HK4SOQkHcSv4L328blNTLtHq7DbmvyNJiH+bn6C5Mg==",
      "requires": {
        "jsonwebtoken": "^8.2.0",
        "passport-strategy": "^1.0.0"
      }
    },
    "passport-local": {
      "version": "1.0.0",
      "resolved": "https://registry.npmjs.org/passport-local/-/passport-local-1.0.0.tgz",
      "integrity": "sha1-H+YyaMkudWBmJkN+O5BmYsFbpu4=",
      "requires": {
        "passport-strategy": "1.x.x"
      }
    },
    "passport-oauth2": {
      "version": "1.5.0",
      "resolved": "https://registry.npmjs.org/passport-oauth2/-/passport-oauth2-1.5.0.tgz",
      "integrity": "sha512-kqBt6vR/5VlCK8iCx1/KpY42kQ+NEHZwsSyt4Y6STiNjU+wWICG1i8ucc1FapXDGO15C5O5VZz7+7vRzrDPXXQ==",
      "requires": {
        "base64url": "3.x.x",
        "oauth": "0.9.x",
        "passport-strategy": "1.x.x",
        "uid2": "0.0.x",
        "utils-merge": "1.x.x"
      }
    },
    "passport-strategy": {
      "version": "1.0.0",
      "resolved": "https://registry.npmjs.org/passport-strategy/-/passport-strategy-1.0.0.tgz",
      "integrity": "sha1-tVOaqPwiWj0a0XlHbd8ja0QPUuQ="
    },
    "pause": {
      "version": "0.0.1",
      "resolved": "https://registry.npmjs.org/pause/-/pause-0.0.1.tgz",
      "integrity": "sha1-HUCLP9t2kjuVQ9lvtMnf1TXZy10="
    },
    "safe-buffer": {
      "version": "5.2.1",
      "resolved": "https://registry.npmjs.org/safe-buffer/-/safe-buffer-5.2.1.tgz",
      "integrity": "sha512-rp3So07KcdmmKbGvgaNxQSJr7bGVSVk5S9Eq1F+ppbRo70+YeaDxkw5Dd8NPN+GD6bjnYm2VuPuCXmpuYvmCXQ=="
    },
    "semver": {
      "version": "5.7.1",
      "resolved": "https://registry.npmjs.org/semver/-/semver-5.7.1.tgz",
      "integrity": "sha512-sauaDf/PZdVgrLTNYHRtpXa1iRiKcaebiKQ1BJdpQlWH2lCvexQdX55snPFyK7QzpudqbCI0qXFfOasHdyNDGQ=="
    },
    "tslib": {
      "version": "2.0.3",
      "resolved": "https://registry.npmjs.org/tslib/-/tslib-2.0.3.tgz",
      "integrity": "sha512-uZtkfKblCEQtZKBF6EBXVZeQNl82yqtDQdv+eck8u7tdPxjLu2/lp5/uPW+um2tpuxINHWy3GhiccY7QgEaVHQ=="
    },
    "uid2": {
      "version": "0.0.3",
      "resolved": "https://registry.npmjs.org/uid2/-/uid2-0.0.3.tgz",
      "integrity": "sha1-SDEm4Rd03y9xuLY53NeZw3YWK4I="
    },
    "utils-merge": {
      "version": "1.0.1",
      "resolved": "https://registry.npmjs.org/utils-merge/-/utils-merge-1.0.1.tgz",
      "integrity": "sha1-n5VxD1CiZ5R7LMwSR0HBAoQn5xM="
    },
    "uuid": {
      "version": "8.3.1",
      "resolved": "https://registry.npmjs.org/uuid/-/uuid-8.3.1.tgz",
      "integrity": "sha512-FOmRr+FmWEIG8uhZv6C2bTgEVXsHk08kE7mPlrBbEe+c3r9pjceVPgupIfNIhc4yx55H69OXANrUaSuu9eInKg=="
    },
    "validator": {
      "version": "13.0.0",
      "resolved": "https://registry.npmjs.org/validator/-/validator-13.0.0.tgz",
      "integrity": "sha512-anYx5fURbgF04lQV18nEQWZ/3wHGnxiKdG4aL8J+jEDsm98n/sU/bey+tYk6tnGJzm7ioh5FoqrAiQ6m03IgaA=="
    }
  }
}
